
Microsoft Visual Studio Solution File, Format Version 12.00
# Visual Studio 15
Project("{FAE04EC0-301F-11D3-BF4B-00C04F79EFBC}") = "NewAssembly", "NewAssembly.csproj", "{798C6B25-2952-F655-5BA6-ACE58353F856}"
EndProject
Project("{FAE04EC0-301F-11D3-BF4B-00C04F79EFBC}") = "Unity.TextMeshPro", "Unity.TextMeshPro.csproj", "{69E53CAB-02A6-114A-CB66-62DEFC2323B1}"
EndProject
Project("{FAE04EC0-301F-11D3-BF4B-00C04F79EFBC}") = "Unity.2D.Animation.Runtime", "Unity.2D.Animation.Runtime.csproj", "{77D1E55E-44D6-6F67-B5B1-D96D75525BA0}"
EndProject
Project("{FAE04EC0-301F-11D3-BF4B-00C04F79EFBC}") = "Unity.2D.IK.Runtime", "Unity.2D.IK.Runtime.csproj", "{4A0C1C9E-4180-4F0F-8BBF-1642A42D520B}"
EndProject
Project("{FAE04EC0-301F-11D3-BF4B-00C04F79EFBC}") = "PlayModeTests", "PlayModeTests.csproj", "{28D6CECF-A915-2E08-A6A5-7FD0D9EAA17E}"
EndProject
Project("{FAE04EC0-301F-11D3-BF4B-00C04F79EFBC}") = "Unity.2D.SpriteShape.Runtime", "Unity.2D.SpriteShape.Runtime.csproj", "{DA741344-2290-4DCD-F18C-1DC39D4C0B7F}"
EndProject
Project("{FAE04EC0-301F-11D3-BF4B-00C04F79EFBC}") = "Unity.2D.PixelPerfect", "Unity.2D.PixelPerfect.csproj", "{6AF99C18-363F-FB35-0FB4-1164A6AB18DD}"
EndProject
Project("{FAE04EC0-301F-11D3-BF4B-00C04F79EFBC}") = "Unity.2D.Common.Runtime", "Unity.2D.Common.Runtime.csproj", "{1454BB73-7F0E-1646-17FB-FAF88975C4F3}"
EndProject
Project("{FAE04EC0-301F-11D3-BF4B-00C04F79EFBC}") = "Unity.InternalAPIEngineBridge.001", "Unity.InternalAPIEngineBridge.001.csproj", "{FDED990B-A96B-B691-F601-3825E24D1CDB}"
EndProject
Project("{FAE04EC0-301F-11D3-BF4B-00C04F79EFBC}") = "UnityEditor.TestRunner", "UnityEditor.TestRunner.csproj", "{90198EC7-A85B-D057-CF81-C0C636A2E27D}"
EndProject
Project("{FAE04EC0-301F-11D3-BF4B-00C04F79EFBC}") = "Unity.PlasticSCM.Editor", "Unity.PlasticSCM.Editor.csproj", "{32CDE6BA-51FA-D1CC-F96F-7BA465277AB9}"
EndProject
Project("{FAE04EC0-301F-11D3-BF4B-00C04F79EFBC}") = "UnityEditor.UI", "UnityEditor.UI.csproj", "{8538CDA1-EC9F-84F1-0B72-40E7EB61362C}"
EndProject
Project("{FAE04EC0-301F-11D3-BF4B-00C04F79EFBC}") = "Unity.Timeline.Editor", "Unity.Timeline.Editor.csproj", "{561E5700-F990-E261-A7CF-367B7B3BECED}"
EndProject
Project("{FAE04EC0-301F-11D3-BF4B-00C04F79EFBC}") = "Unity.VisualStudio.Editor", "Unity.VisualStudio.Editor.csproj", "{6CF371E6-11D0-4918-953F-55902BDC31C2}"
EndProject
Project("{FAE04EC0-301F-11D3-BF4B-00C04F79EFBC}") = "Unity.2D.Psdimporter.Editor", "Unity.2D.Psdimporter.Editor.csproj", "{30C87211-EF22-1CD4-3E90-9A69E478B33D}"
EndProject
Project("{FAE04EC0-301F-11D3-BF4B-00C04F79EFBC}") = "Unity.2D.Animation.Editor", "Unity.2D.Animation.Editor.csproj", "{A4A3DBB0-C0CC-F61A-060E-BFEBE5DD6DE5}"
EndProject
Project("{FAE04EC0-301F-11D3-BF4B-00C04F79EFBC}") = "Unity.TextMeshPro.Editor", "Unity.TextMeshPro.Editor.csproj", "{E00DF656-789D-20C1-BAD5-93EA59DD1DBF}"
EndProject
Project("{FAE04EC0-301F-11D3-BF4B-00C04F79EFBC}") = "Unity.2D.SpriteShape.Editor", "Unity.2D.SpriteShape.Editor.csproj", "{22E956C8-1D39-D396-8970-DA53EDD913BB}"
EndProject
Project("{FAE04EC0-301F-11D3-BF4B-00C04F79EFBC}") = "Unity.CollabProxy.Editor", "Unity.CollabProxy.Editor.csproj", "{2F70D040-33D1-02D0-0110-E2A3664EA166}"
EndProject
Project("{FAE04EC0-301F-11D3-BF4B-00C04F79EFBC}") = "PsdPlugin", "PsdPlugin.csproj", "{9B1C7BF8-6270-E1BC-3A7D-48CD034A4D25}"
EndProject
Project("{FAE04EC0-301F-11D3-BF4B-00C04F79EFBC}") = "Unity.2D.Path.Editor", "Unity.2D.Path.Editor.csproj", "{A0702E5A-8477-F7F5-54B9-0A513FEF0E1F}"
EndProject
Project("{FAE04EC0-301F-11D3-BF4B-00C04F79EFBC}") = "Unity.Rider.Editor", "Unity.Rider.Editor.csproj", "{D3F9CC9F-747D-84C2-D16F-1A6204E66028}"
EndProject
Project("{FAE04EC0-301F-11D3-BF4B-00C04F79EFBC}") = "Unity.2D.IK.Editor", "Unity.2D.IK.Editor.csproj", "{1C8C3F5B-1B84-BF3D-2F06-7FF5538111C1}"
EndProject
Project("{FAE04EC0-301F-11D3-BF4B-00C04F79EFBC}") = "Unity.2D.Sprite.Editor", "Unity.2D.Sprite.Editor.csproj", "{D3552C72-928B-0761-A825-2D00BC70C2FB}"
EndProject
Project("{FAE04EC0-301F-11D3-BF4B-00C04F79EFBC}") = "Unity.2D.Tilemap.Editor", "Unity.2D.Tilemap.Editor.csproj", "{0CD8A67A-4899-B0A9-04B1-7698B363452E}"
EndProject
Project("{FAE04EC0-301F-11D3-BF4B-00C04F79EFBC}") = "Unity.2D.PixelPerfect.Editor", "Unity.2D.PixelPerfect.Editor.csproj", "{A2858336-0E24-FA85-1E5A-BEF885DA28F1}"
EndProject
Project("{FAE04EC0-301F-11D3-BF4B-00C04F79EFBC}") = "Unity.VSCode.Editor", "Unity.VSCode.Editor.csproj", "{AA52F53F-7A45-61D8-0B91-06A5AB4BE132}"
EndProject
Project("{FAE04EC0-301F-11D3-BF4B-00C04F79EFBC}") = "Unity.2D.Common.Editor", "Unity.2D.Common.Editor.csproj", "{5FECFE4A-F8C5-40B1-B91F-44367D5541B4}"
EndProject
Project("{FAE04EC0-301F-11D3-BF4B-00C04F79EFBC}") = "Unity.Mathematics.Editor", "Unity.Mathematics.Editor.csproj", "{987A66B4-2C5B-3744-67FD-1791256158A0}"
EndProject
Project("{FAE04EC0-301F-11D3-BF4B-00C04F79EFBC}") = "Unity.InternalAPIEditorBridge.001", "Unity.InternalAPIEditorBridge.001.csproj", "{5B29D7B4-091E-F85C-C6D3-7EDF71B7BB2C}"
EndProject
Project("{FAE04EC0-301F-11D3-BF4B-00C04F79EFBC}") = "Tests", "Tests.csproj", "{AC51BECA-1421-464B-B554-385FAF50B1AD}"
EndProject
Global
	GlobalSection(SolutionConfigurationPlatforms) = preSolution
		Debug|Any CPU = Debug|Any CPU
		Release|Any CPU = Release|Any CPU
	EndGlobalSection
	GlobalSection(ProjectConfigurationPlatforms) = postSolution
		{798C6B25-2952-F655-5BA6-ACE58353F856}.Debug|Any CPU.ActiveCfg = Debug|Any CPU
		{798C6B25-2952-F655-5BA6-ACE58353F856}.Debug|Any CPU.Build.0 = Debug|Any CPU
		{798C6B25-2952-F655-5BA6-ACE58353F856}.Release|Any CPU.ActiveCfg = Release|Any CPU
		{798C6B25-2952-F655-5BA6-ACE58353F856}.Release|Any CPU.Build.0 = Release|Any CPU
		{69E53CAB-02A6-114A-CB66-62DEFC2323B1}.Debug|Any CPU.ActiveCfg = Debug|Any CPU
		{69E53CAB-02A6-114A-CB66-62DEFC2323B1}.Debug|Any CPU.Build.0 = Debug|Any CPU
		{69E53CAB-02A6-114A-CB66-62DEFC2323B1}.Release|Any CPU.ActiveCfg = Release|Any CPU
		{69E53CAB-02A6-114A-CB66-62DEFC2323B1}.Release|Any CPU.Build.0 = Release|Any CPU
		{77D1E55E-44D6-6F67-B5B1-D96D75525BA0}.Debug|Any CPU.ActiveCfg = Debug|Any CPU
		{77D1E55E-44D6-6F67-B5B1-D96D75525BA0}.Debug|Any CPU.Build.0 = Debug|Any CPU
		{77D1E55E-44D6-6F67-B5B1-D96D75525BA0}.Release|Any CPU.ActiveCfg = Release|Any CPU
		{77D1E55E-44D6-6F67-B5B1-D96D75525BA0}.Release|Any CPU.Build.0 = Release|Any CPU
		{4A0C1C9E-4180-4F0F-8BBF-1642A42D520B}.Debug|Any CPU.ActiveCfg = Debug|Any CPU
		{4A0C1C9E-4180-4F0F-8BBF-1642A42D520B}.Debug|Any CPU.Build.0 = Debug|Any CPU
		{4A0C1C9E-4180-4F0F-8BBF-1642A42D520B}.Release|Any CPU.ActiveCfg = Release|Any CPU
		{4A0C1C9E-4180-4F0F-8BBF-1642A42D520B}.Release|Any CPU.Build.0 = Release|Any CPU
		{28D6CECF-A915-2E08-A6A5-7FD0D9EAA17E}.Debug|Any CPU.ActiveCfg = Debug|Any CPU
		{28D6CECF-A915-2E08-A6A5-7FD0D9EAA17E}.Debug|Any CPU.Build.0 = Debug|Any CPU
		{28D6CECF-A915-2E08-A6A5-7FD0D9EAA17E}.Release|Any CPU.ActiveCfg = Release|Any CPU
		{28D6CECF-A915-2E08-A6A5-7FD0D9EAA17E}.Release|Any CPU.Build.0 = Release|Any CPU
		{DA741344-2290-4DCD-F18C-1DC39D4C0B7F}.Debug|Any CPU.ActiveCfg = Debug|Any CPU
		{DA741344-2290-4DCD-F18C-1DC39D4C0B7F}.Debug|Any CPU.Build.0 = Debug|Any CPU
		{DA741344-2290-4DCD-F18C-1DC39D4C0B7F}.Release|Any CPU.ActiveCfg = Release|Any CPU
		{DA741344-2290-4DCD-F18C-1DC39D4C0B7F}.Release|Any CPU.Build.0 = Release|Any CPU
		{6AF99C18-363F-FB35-0FB4-1164A6AB18DD}.Debug|Any CPU.ActiveCfg = Debug|Any CPU
		{6AF99C18-363F-FB35-0FB4-1164A6AB18DD}.Debug|Any CPU.Build.0 = Debug|Any CPU
		{6AF99C18-363F-FB35-0FB4-1164A6AB18DD}.Release|Any CPU.ActiveCfg = Release|Any CPU
		{6AF99C18-363F-FB35-0FB4-1164A6AB18DD}.Release|Any CPU.Build.0 = Release|Any CPU
		{1454BB73-7F0E-1646-17FB-FAF88975C4F3}.Debug|Any CPU.ActiveCfg = Debug|Any CPU
		{1454BB73-7F0E-1646-17FB-FAF88975C4F3}.Debug|Any CPU.Build.0 = Debug|Any CPU
		{1454BB73-7F0E-1646-17FB-FAF88975C4F3}.Release|Any CPU.ActiveCfg = Release|Any CPU
		{1454BB73-7F0E-1646-17FB-FAF88975C4F3}.Release|Any CPU.Build.0 = Release|Any CPU
		{FDED990B-A96B-B691-F601-3825E24D1CDB}.Debug|Any CPU.ActiveCfg = Debug|Any CPU
		{FDED990B-A96B-B691-F601-3825E24D1CDB}.Debug|Any CPU.Build.0 = Debug|Any CPU
		{FDED990B-A96B-B691-F601-3825E24D1CDB}.Release|Any CPU.ActiveCfg = Release|Any CPU
		{FDED990B-A96B-B691-F601-3825E24D1CDB}.Release|Any CPU.Build.0 = Release|Any CPU
		{90198EC7-A85B-D057-CF81-C0C636A2E27D}.Debug|Any CPU.ActiveCfg = Debug|Any CPU
		{90198EC7-A85B-D057-CF81-C0C636A2E27D}.Debug|Any CPU.Build.0 = Debug|Any CPU
		{90198EC7-A85B-D057-CF81-C0C636A2E27D}.Release|Any CPU.ActiveCfg = Release|Any CPU
		{90198EC7-A85B-D057-CF81-C0C636A2E27D}.Release|Any CPU.Build.0 = Release|Any CPU
		{32CDE6BA-51FA-D1CC-F96F-7BA465277AB9}.Debug|Any CPU.ActiveCfg = Debug|Any CPU
		{32CDE6BA-51FA-D1CC-F96F-7BA465277AB9}.Debug|Any CPU.Build.0 = Debug|Any CPU
		{32CDE6BA-51FA-D1CC-F96F-7BA465277AB9}.Release|Any CPU.ActiveCfg = Release|Any CPU
		{32CDE6BA-51FA-D1CC-F96F-7BA465277AB9}.Release|Any CPU.Build.0 = Release|Any CPU
		{8538CDA1-EC9F-84F1-0B72-40E7EB61362C}.Debug|Any CPU.ActiveCfg = Debug|Any CPU
		{8538CDA1-EC9F-84F1-0B72-40E7EB61362C}.Debug|Any CPU.Build.0 = Debug|Any CPU
		{8538CDA1-EC9F-84F1-0B72-40E7EB61362C}.Release|Any CPU.ActiveCfg = Release|Any CPU
		{8538CDA1-EC9F-84F1-0B72-40E7EB61362C}.Release|Any CPU.Build.0 = Release|Any CPU
		{561E5700-F990-E261-A7CF-367B7B3BECED}.Debug|Any CPU.ActiveCfg = Debug|Any CPU
		{561E5700-F990-E261-A7CF-367B7B3BECED}.Debug|Any CPU.Build.0 = Debug|Any CPU
		{561E5700-F990-E261-A7CF-367B7B3BECED}.Release|Any CPU.ActiveCfg = Release|Any CPU
		{561E5700-F990-E261-A7CF-367B7B3BECED}.Release|Any CPU.Build.0 = Release|Any CPU
		{6CF371E6-11D0-4918-953F-55902BDC31C2}.Debug|Any CPU.ActiveCfg = Debug|Any CPU
		{6CF371E6-11D0-4918-953F-55902BDC31C2}.Debug|Any CPU.Build.0 = Debug|Any CPU
		{6CF371E6-11D0-4918-953F-55902BDC31C2}.Release|Any CPU.ActiveCfg = Release|Any CPU
		{6CF371E6-11D0-4918-953F-55902BDC31C2}.Release|Any CPU.Build.0 = Release|Any CPU
		{30C87211-EF22-1CD4-3E90-9A69E478B33D}.Debug|Any CPU.ActiveCfg = Debug|Any CPU
		{30C87211-EF22-1CD4-3E90-9A69E478B33D}.Debug|Any CPU.Build.0 = Debug|Any CPU
		{30C87211-EF22-1CD4-3E90-9A69E478B33D}.Release|Any CPU.ActiveCfg = Release|Any CPU
		{30C87211-EF22-1CD4-3E90-9A69E478B33D}.Release|Any CPU.Build.0 = Release|Any CPU
		{A4A3DBB0-C0CC-F61A-060E-BFEBE5DD6DE5}.Debug|Any CPU.ActiveCfg = Debug|Any CPU
		{A4A3DBB0-C0CC-F61A-060E-BFEBE5DD6DE5}.Debug|Any CPU.Build.0 = Debug|Any CPU
		{A4A3DBB0-C0CC-F61A-060E-BFEBE5DD6DE5}.Release|Any CPU.ActiveCfg = Release|Any CPU
		{A4A3DBB0-C0CC-F61A-060E-BFEBE5DD6DE5}.Release|Any CPU.Build.0 = Release|Any CPU
		{E00DF656-789D-20C1-BAD5-93EA59DD1DBF}.Debug|Any CPU.ActiveCfg = Debug|Any CPU
		{E00DF656-789D-20C1-BAD5-93EA59DD1DBF}.Debug|Any CPU.Build.0 = Debug|Any CPU
		{E00DF656-789D-20C1-BAD5-93EA59DD1DBF}.Release|Any CPU.ActiveCfg = Release|Any CPU
		{E00DF656-789D-20C1-BAD5-93EA59DD1DBF}.Release|Any CPU.Build.0 = Release|Any CPU
		{22E956C8-1D39-D396-8970-DA53EDD913BB}.Debug|Any CPU.ActiveCfg = Debug|Any CPU
		{22E956C8-1D39-D396-8970-DA53EDD913BB}.Debug|Any CPU.Build.0 = Debug|Any CPU
		{22E956C8-1D39-D396-8970-DA53EDD913BB}.Release|Any CPU.ActiveCfg = Release|Any CPU
		{22E956C8-1D39-D396-8970-DA53EDD913BB}.Release|Any CPU.Build.0 = Release|Any CPU
		{2F70D040-33D1-02D0-0110-E2A3664EA166}.Debug|Any CPU.ActiveCfg = Debug|Any CPU
		{2F70D040-33D1-02D0-0110-E2A3664EA166}.Debug|Any CPU.Build.0 = Debug|Any CPU
		{2F70D040-33D1-02D0-0110-E2A3664EA166}.Release|Any CPU.ActiveCfg = Release|Any CPU
		{2F70D040-33D1-02D0-0110-E2A3664EA166}.Release|Any CPU.Build.0 = Release|Any CPU
		{9B1C7BF8-6270-E1BC-3A7D-48CD034A4D25}.Debug|Any CPU.ActiveCfg = Debug|Any CPU
		{9B1C7BF8-6270-E1BC-3A7D-48CD034A4D25}.Debug|Any CPU.Build.0 = Debug|Any CPU
		{9B1C7BF8-6270-E1BC-3A7D-48CD034A4D25}.Release|Any CPU.ActiveCfg = Release|Any CPU
		{9B1C7BF8-6270-E1BC-3A7D-48CD034A4D25}.Release|Any CPU.Build.0 = Release|Any CPU
		{A0702E5A-8477-F7F5-54B9-0A513FEF0E1F}.Debug|Any CPU.ActiveCfg = Debug|Any CPU
		{A0702E5A-8477-F7F5-54B9-0A513FEF0E1F}.Debug|Any CPU.Build.0 = Debug|Any CPU
		{A0702E5A-8477-F7F5-54B9-0A513FEF0E1F}.Release|Any CPU.ActiveCfg = Release|Any CPU
		{A0702E5A-8477-F7F5-54B9-0A513FEF0E1F}.Release|Any CPU.Build.0 = Release|Any CPU
		{D3F9CC9F-747D-84C2-D16F-1A6204E66028}.Debug|Any CPU.ActiveCfg = Debug|Any CPU
		{D3F9CC9F-747D-84C2-D16F-1A6204E66028}.Debug|Any CPU.Build.0 = Debug|Any CPU
		{D3F9CC9F-747D-84C2-D16F-1A6204E66028}.Release|Any CPU.ActiveCfg = Release|Any CPU
		{D3F9CC9F-747D-84C2-D16F-1A6204E66028}.Release|Any CPU.Build.0 = Release|Any CPU
		{1C8C3F5B-1B84-BF3D-2F06-7FF5538111C1}.Debug|Any CPU.ActiveCfg = Debug|Any CPU
		{1C8C3F5B-1B84-BF3D-2F06-7FF5538111C1}.Debug|Any CPU.Build.0 = Debug|Any CPU
		{1C8C3F5B-1B84-BF3D-2F06-7FF5538111C1}.Release|Any CPU.ActiveCfg = Release|Any CPU
		{1C8C3F5B-1B84-BF3D-2F06-7FF5538111C1}.Release|Any CPU.Build.0 = Release|Any CPU
		{D3552C72-928B-0761-A825-2D00BC70C2FB}.Debug|Any CPU.ActiveCfg = Debug|Any CPU
		{D3552C72-928B-0761-A825-2D00BC70C2FB}.Debug|Any CPU.Build.0 = Debug|Any CPU
		{D3552C72-928B-0761-A825-2D00BC70C2FB}.Release|Any CPU.ActiveCfg = Release|Any CPU
		{D3552C72-928B-0761-A825-2D00BC70C2FB}.Release|Any CPU.Build.0 = Release|Any CPU
		{0CD8A67A-4899-B0A9-04B1-7698B363452E}.Debug|Any CPU.ActiveCfg = Debug|Any CPU
		{0CD8A67A-4899-B0A9-04B1-7698B363452E}.Debug|Any CPU.Build.0 = Debug|Any CPU
		{0CD8A67A-4899-B0A9-04B1-7698B363452E}.Release|Any CPU.ActiveCfg = Release|Any CPU
		{0CD8A67A-4899-B0A9-04B1-7698B363452E}.Release|Any CPU.Build.0 = Release|Any CPU
		{A2858336-0E24-FA85-1E5A-BEF885DA28F1}.Debug|Any CPU.ActiveCfg = Debug|Any CPU
		{A2858336-0E24-FA85-1E5A-BEF885DA28F1}.Debug|Any CPU.Build.0 = Debug|Any CPU
		{A2858336-0E24-FA85-1E5A-BEF885DA28F1}.Release|Any CPU.ActiveCfg = Release|Any CPU
		{A2858336-0E24-FA85-1E5A-BEF885DA28F1}.Release|Any CPU.Build.0 = Release|Any CPU
		{AA52F53F-7A45-61D8-0B91-06A5AB4BE132}.Debug|Any CPU.ActiveCfg = Debug|Any CPU
		{AA52F53F-7A45-61D8-0B91-06A5AB4BE132}.Debug|Any CPU.Build.0 = Debug|Any CPU
		{AA52F53F-7A45-61D8-0B91-06A5AB4BE132}.Release|Any CPU.ActiveCfg = Release|Any CPU
		{AA52F53F-7A45-61D8-0B91-06A5AB4BE132}.Release|Any CPU.Build.0 = Release|Any CPU
		{5FECFE4A-F8C5-40B1-B91F-44367D5541B4}.Debug|Any CPU.ActiveCfg = Debug|Any CPU
		{5FECFE4A-F8C5-40B1-B91F-44367D5541B4}.Debug|Any CPU.Build.0 = Debug|Any CPU
		{5FECFE4A-F8C5-40B1-B91F-44367D5541B4}.Release|Any CPU.ActiveCfg = Release|Any CPU
		{5FECFE4A-F8C5-40B1-B91F-44367D5541B4}.Release|Any CPU.Build.0 = Release|Any CPU
		{987A66B4-2C5B-3744-67FD-1791256158A0}.Debug|Any CPU.ActiveCfg = Debug|Any CPU
		{987A66B4-2C5B-3744-67FD-1791256158A0}.Debug|Any CPU.Build.0 = Debug|Any CPU
		{987A66B4-2C5B-3744-67FD-1791256158A0}.Release|Any CPU.ActiveCfg = Release|Any CPU
		{987A66B4-2C5B-3744-67FD-1791256158A0}.Release|Any CPU.Build.0 = Release|Any CPU
		{5B29D7B4-091E-F85C-C6D3-7EDF71B7BB2C}.Debug|Any CPU.ActiveCfg = Debug|Any CPU
		{5B29D7B4-091E-F85C-C6D3-7EDF71B7BB2C}.Debug|Any CPU.Build.0 = Debug|Any CPU
		{5B29D7B4-091E-F85C-C6D3-7EDF71B7BB2C}.Release|Any CPU.ActiveCfg = Release|Any CPU
		{5B29D7B4-091E-F85C-C6D3-7EDF71B7BB2C}.Release|Any CPU.Build.0 = Release|Any CPU
		{AC51BECA-1421-464B-B554-385FAF50B1AD}.Debug|Any CPU.ActiveCfg = Debug|Any CPU
		{AC51BECA-1421-464B-B554-385FAF50B1AD}.Debug|Any CPU.Build.0 = Debug|Any CPU
		{AC51BECA-1421-464B-B554-385FAF50B1AD}.Release|Any CPU.ActiveCfg = Release|Any CPU
		{AC51BECA-1421-464B-B554-385FAF50B1AD}.Release|Any CPU.Build.0 = Release|Any CPU
	EndGlobalSection
	GlobalSection(SolutionProperties) = preSolution
		HideSolutionNode = FALSE
	EndGlobalSection
EndGlobal
